
Microsoft Visual Studio Solution File, Format Version 12.00
# Visual Studio 2012
Project("{FAE04EC0-301F-11D3-BF4B-00C04F79EFBC}") = "TestFile", "TestFile\TestFile.csproj", "{F02790DB-8C2B-4ABF-B5F6-EF35BCB3DB3A}"
EndProject
Global
	GlobalSection(SolutionConfigurationPlatforms) = preSolution
		Debug|Any CPU = Debug|Any CPU
		Release|Any CPU = Release|Any CPU
	EndGlobalSection
	GlobalSection(ProjectConfigurationPlatforms) = postSolution
		{F02790DB-8C2B-4ABF-B5F6-EF35BCB3DB3A}.Debug|Any CPU.ActiveCfg = Debug|Any CPU
		{F02790DB-8C2B-4ABF-B5F6-EF35BCB3DB3A}.Debug|Any CPU.Build.0 = Debug|Any CPU
		{F02790DB-8C2B-4ABF-B5F6-EF35BCB3DB3A}.Release|Any CPU.ActiveCfg = Release|Any CPU
		{F02790DB-8C2B-4ABF-B5F6-EF35BCB3DB3A}.Release|Any CPU.Build.0 = Release|Any CPU
	EndGlobalSection
	GlobalSection(SolutionProperties) = preSolution
		HideSolutionNode = FALSE
	EndGlobalSection
EndGlobal
